PODS:
  - Alamofire (5.6.4)
  - SDWebImage (5.15.7):
    - SDWebImage/Core (= 5.15.7)
  - SDWebImage/Core (5.15.7)

DEPENDENCIES:
  - Alamofire
  - SDWebImage (~> 5.0)

SPEC REPOS:
  trunk:
    - Alamofire
    - SDWebImage

SPEC CHECKSUMS:
  Alamofire: 4e95d97098eacb88856099c4fc79b526a299e48c
  SDWebImage: 25bac438318faf37e35650619ebc288a9061d292

PODFILE CHECKSUM: 94d57c1201f61573e0fe99648306ee91a545ddce

COCOAPODS: 1.12.0
